
Microsoft Visual Studio Solution File, Format Version 12.00
# Visual Studio Version 17
VisualStudioVersion = 17.11.35219.272
MinimumVisualStudioVersion = 10.0.40219.1
Project("{FAE04EC0-301F-11D3-BF4B-00C04F79EFBC}") = "JogoDaVelha", "JogoDaVelha\JogoDaVelha.csproj", "{6E2E2DF7-65E3-44AA-A999-8DC16FD2F5CF}"
EndProject
Global
	GlobalSection(SolutionConfigurationPlatforms) = preSolution
		Debug|Any CPU = Debug|Any CPU
		Release|Any CPU = Release|Any CPU
	EndGlobalSection
	GlobalSection(ProjectConfigurationPlatforms) = postSolution
		{6E2E2DF7-65E3-44AA-A999-8DC16FD2F5CF}.Debug|Any CPU.ActiveCfg = Debug|Any CPU
		{6E2E2DF7-65E3-44AA-A999-8DC16FD2F5CF}.Debug|Any CPU.Build.0 = Debug|Any CPU
		{6E2E2DF7-65E3-44AA-A999-8DC16FD2F5CF}.Release|Any CPU.ActiveCfg = Release|Any CPU
		{6E2E2DF7-65E3-44AA-A999-8DC16FD2F5CF}.Release|Any CPU.Build.0 = Release|Any CPU
	EndGlobalSection
	GlobalSection(SolutionProperties) = preSolution
		HideSolutionNode = FALSE
	EndGlobalSection
	GlobalSection(ExtensibilityGlobals) = postSolution
		SolutionGuid = {87F61160-2E2D-44D0-AA15-700EBE89CA77}
	EndGlobalSection
EndGlobal
